// !$*UTF8*$!
{
	archiveVersion = 1;
	classes = {
	};
	objectVersion = 55;
	objects = {

/* Begin PBXBuildFile section */
		4E20176C2A55570000E421C0 /* AppDelegate.swift in Sources */ = {isa = PBXBuildFile; fileRef = 4E20176B2A55570000E421C0 /* AppDelegate.swift */; };
		4E20176E2A55570000E421C0 /* SceneDelegate.swift in Sources */ = {isa = PBXBuildFile; fileRef = 4E20176D2A55570000E421C0 /* SceneDelegate.swift */; };
		4E2017702A55570000E421C0 /* MainViewController.swift in Sources */ = {isa = PBXBuildFile; fileRef = 4E20176F2A55570000E421C0 /* MainViewController.swift */; };
		4E2017752A55570200E421C0 /* Assets.xcassets in Resources */ = {isa = PBXBuildFile; fileRef = 4E2017742A55570200E421C0 /* Assets.xcassets */; };
		4E2017782A55570200E421C0 /* LaunchScreen.storyboard in Resources */ = {isa = PBXBuildFile; fileRef = 4E2017762A55570200E421C0 /* LaunchScreen.storyboard */; };
		4E2017822A555C1F00E421C0 /* Product.swift in Sources */ = {isa = PBXBuildFile; fileRef = 4E2017812A555C1F00E421C0 /* Product.swift */; };
		4E2187612A713C64002F0785 /* InspirationDetailViewController.swift in Sources */ = {isa = PBXBuildFile; fileRef = 4E2187602A713C64002F0785 /* InspirationDetailViewController.swift */; };
		4E2187642A713FA4002F0785 /* InspirationDetailView.swift in Sources */ = {isa = PBXBuildFile; fileRef = 4E2187632A713FA4002F0785 /* InspirationDetailView.swift */; };
		4E2187662A7149F5002F0785 /* CollectionViewCell.swift in Sources */ = {isa = PBXBuildFile; fileRef = 4E2187652A7149F5002F0785 /* CollectionViewCell.swift */; };
		4E21876C2A72775F002F0785 /* InspoDetailViewModel.swift in Sources */ = {isa = PBXBuildFile; fileRef = 4E21876B2A72775F002F0785 /* InspoDetailViewModel.swift */; };
		4E21876E2A727D48002F0785 /* BasicProductCell.swift in Sources */ = {isa = PBXBuildFile; fileRef = 4E21876D2A727D48002F0785 /* BasicProductCell.swift */; };
		4E2187722A78ED08002F0785 /* UIButton + pointInside.swift in Sources */ = {isa = PBXBuildFile; fileRef = 4E2187712A78ED08002F0785 /* UIButton + pointInside.swift */; };
		4E2187742A78FF0D002F0785 /* FavouriteView.swift in Sources */ = {isa = PBXBuildFile; fileRef = 4E2187732A78FF0D002F0785 /* FavouriteView.swift */; };
		4E2187762A78FF30002F0785 /* ProductLocal.swift in Sources */ = {isa = PBXBuildFile; fileRef = 4E2187752A78FF30002F0785 /* ProductLocal.swift */; };
		4E2187782A78FF63002F0785 /* FavouriteViewModel.swift in Sources */ = {isa = PBXBuildFile; fileRef = 4E2187772A78FF63002F0785 /* FavouriteViewModel.swift */; };
		4E21877E2A7A4306002F0785 /* FavouriteService.swift in Sources */ = {isa = PBXBuildFile; fileRef = 4E21877D2A7A4306002F0785 /* FavouriteService.swift */; };
		4E2187812A7CEFB9002F0785 /* ProductsArchiver.swift in Sources */ = {isa = PBXBuildFile; fileRef = 4E2187802A7CEFB9002F0785 /* ProductsArchiver.swift */; };
		4E3476852AA09D8200C670F5 /* TotalCell.swift in Sources */ = {isa = PBXBuildFile; fileRef = 4E3476842AA09D8200C670F5 /* TotalCell.swift */; };
		4E3476872AA0A2D600C670F5 /* DiscountCell.swift in Sources */ = {isa = PBXBuildFile; fileRef = 4E3476862AA0A2D600C670F5 /* DiscountCell.swift */; };
		4E4247502A86295B00D9153E /* LocaleDesigners.swift in Sources */ = {isa = PBXBuildFile; fileRef = 4E42474F2A86295B00D9153E /* LocaleDesigners.swift */; };
		4E4247522A86298500D9153E /* LocaleInspiration.swift in Sources */ = {isa = PBXBuildFile; fileRef = 4E4247512A86298500D9153E /* LocaleInspiration.swift */; };
		4E5AD0D82AA5E47100D4BDCB /* LoadingCell.swift in Sources */ = {isa = PBXBuildFile; fileRef = 4E5AD0D72AA5E47100D4BDCB /* LoadingCell.swift */; };
		4E5AD0DA2AA5F56800D4BDCB /* LoadingDesignerCell.swift in Sources */ = {isa = PBXBuildFile; fileRef = 4E5AD0D92AA5F56700D4BDCB /* LoadingDesignerCell.swift */; };
		4E5AD0DC2AA5F57B00D4BDCB /* LoadingDisignerProductCell.swift in Sources */ = {isa = PBXBuildFile; fileRef = 4E5AD0DB2AA5F57B00D4BDCB /* LoadingDisignerProductCell.swift */; };
		4E663DEF2A81106300F8D86B /* ProductDetailViewModel.swift in Sources */ = {isa = PBXBuildFile; fileRef = 4E663DEE2A81106300F8D86B /* ProductDetailViewModel.swift */; };
		4E663DF12A81109200F8D86B /* ProductDetailViewController.swift in Sources */ = {isa = PBXBuildFile; fileRef = 4E663DF02A81109200F8D86B /* ProductDetailViewController.swift */; };
		4E663DF32A8110B800F8D86B /* ProductDetailView.swift in Sources */ = {isa = PBXBuildFile; fileRef = 4E663DF22A8110B800F8D86B /* ProductDetailView.swift */; };
		4E663DF52A8135F700F8D86B /* ProductImageGaleryCell.swift in Sources */ = {isa = PBXBuildFile; fileRef = 4E663DF42A8135F700F8D86B /* ProductImageGaleryCell.swift */; };
		4E663DF72A823A8000F8D86B /* ProductInfoCell.swift in Sources */ = {isa = PBXBuildFile; fileRef = 4E663DF62A823A8000F8D86B /* ProductInfoCell.swift */; };
		4E663DFC2A83AAA600F8D86B /* LikeButton.swift in Sources */ = {isa = PBXBuildFile; fileRef = 4E663DFB2A83AAA600F8D86B /* LikeButton.swift */; };
		4E7298C62A9CE6F8003C0F6C /* OrderViewController.swift in Sources */ = {isa = PBXBuildFile; fileRef = 4E7298C52A9CE6F8003C0F6C /* OrderViewController.swift */; };
		4E7298C92A9DF015003C0F6C /* OrderAddressCell.swift in Sources */ = {isa = PBXBuildFile; fileRef = 4E7298C82A9DF015003C0F6C /* OrderAddressCell.swift */; };
		4E7298CB2A9E00BF003C0F6C /* DateCell.swift in Sources */ = {isa = PBXBuildFile; fileRef = 4E7298CA2A9E00BF003C0F6C /* DateCell.swift */; };
		4E7298CD2A9E0323003C0F6C /* OrderProductsCollectionCell.swift in Sources */ = {isa = PBXBuildFile; fileRef = 4E7298CC2A9E0323003C0F6C /* OrderProductsCollectionCell.swift */; };
		4E7298CF2A9E132B003C0F6C /* ReceiverCell.swift in Sources */ = {isa = PBXBuildFile; fileRef = 4E7298CE2A9E132B003C0F6C /* ReceiverCell.swift */; };
		4E7298D12A9E17BA003C0F6C /* PaymentCell.swift in Sources */ = {isa = PBXBuildFile; fileRef = 4E7298D02A9E17BA003C0F6C /* PaymentCell.swift */; };
		4E7E82A12A6E8A64008F2EE1 /* RequestProcessorError.swift in Sources */ = {isa = PBXBuildFile; fileRef = 4E7E82A02A6E8A64008F2EE1 /* RequestProcessorError.swift */; };
		4E7E82A32A6E8FD9008F2EE1 /* Endpoint.swift in Sources */ = {isa = PBXBuildFile; fileRef = 4E7E82A22A6E8FD9008F2EE1 /* Endpoint.swift */; };
		4E7E82A52A6E9016008F2EE1 /* HayService.swift in Sources */ = {isa = PBXBuildFile; fileRef = 4E7E82A42A6E9016008F2EE1 /* HayService.swift */; };
		4E80FF802A66A85A0065F729 /* API.swift in Sources */ = {isa = PBXBuildFile; fileRef = 4E80FF7F2A66A85A0065F729 /* API.swift */; };
		4E86BD5A2A5948250007CDE7 /* ProductTableCell.swift in Sources */ = {isa = PBXBuildFile; fileRef = 4E86BD592A5948250007CDE7 /* ProductTableCell.swift */; };
		4E86BD5C2A594EC70007CDE7 /* ProductCollectionCell.swift in Sources */ = {isa = PBXBuildFile; fileRef = 4E86BD5B2A594EC70007CDE7 /* ProductCollectionCell.swift */; };
		4E86BD602A59786B0007CDE7 /* ProductTabelCell.swift in Sources */ = {isa = PBXBuildFile; fileRef = 4E86BD5F2A59786B0007CDE7 /* ProductTabelCell.swift */; };
		4E86BD632A59A3340007CDE7 /* Designer.swift in Sources */ = {isa = PBXBuildFile; fileRef = 4E86BD622A59A3340007CDE7 /* Designer.swift */; };
		4E86BD672A59A70F0007CDE7 /* DesignerCell.swift in Sources */ = {isa = PBXBuildFile; fileRef = 4E86BD662A59A70F0007CDE7 /* DesignerCell.swift */; };
		4E86BD692A59B3410007CDE7 /* DesignerProductsCell.swift in Sources */ = {isa = PBXBuildFile; fileRef = 4E86BD682A59B3410007CDE7 /* DesignerProductsCell.swift */; };
		4E9BE0A82A5D59090043C201 /* Constants.swift in Sources */ = {isa = PBXBuildFile; fileRef = 4E9BE0A72A5D59090043C201 /* Constants.swift */; };
		4E9BE0AC2A5D670B0043C201 /* Inspiration.swift in Sources */ = {isa = PBXBuildFile; fileRef = 4E9BE0AB2A5D670B0043C201 /* Inspiration.swift */; };
		4E9BE0D02A6059920043C201 /* MainViewModel.swift in Sources */ = {isa = PBXBuildFile; fileRef = 4E9BE0CF2A6059920043C201 /* MainViewModel.swift */; };
		4E9BE0D32A605A840043C201 /* InspirationTableHeader.swift in Sources */ = {isa = PBXBuildFile; fileRef = 4E9BE0D22A605A840043C201 /* InspirationTableHeader.swift */; };
		4E9BE0D72A605AF20043C201 /* InspirationPageViews.swift in Sources */ = {isa = PBXBuildFile; fileRef = 4E9BE0D62A605AF20043C201 /* InspirationPageViews.swift */; };
		4E9DDF8A2A6FF17A00179AC6 /* PopularProducts in Resources */ = {isa = PBXBuildFile; fileRef = 4E9DDF892A6FF17A00179AC6 /* PopularProducts */; };
		4E9DDF8C2A6FFC1200179AC6 /* Popular.swift in Sources */ = {isa = PBXBuildFile; fileRef = 4E9DDF8B2A6FFC1200179AC6 /* Popular.swift */; };
		4E9EFC9D2A922909004111FC /* BuyButton.swift in Sources */ = {isa = PBXBuildFile; fileRef = 4E9EFC9C2A922909004111FC /* BuyButton.swift */; };
		4E9EFC9F2A923254004111FC /* BasketView.swift in Sources */ = {isa = PBXBuildFile; fileRef = 4E9EFC9E2A923254004111FC /* BasketView.swift */; };
		4E9EFCA12A92326F004111FC /* BasketViewModel.swift in Sources */ = {isa = PBXBuildFile; fileRef = 4E9EFCA02A92326F004111FC /* BasketViewModel.swift */; };
		4E9EFCA32A92512D004111FC /* OrderInfoCell.swift in Sources */ = {isa = PBXBuildFile; fileRef = 4E9EFCA22A92512D004111FC /* OrderInfoCell.swift */; };
		4E9EFCA52A949ABF004111FC /* LoadingView.swift in Sources */ = {isa = PBXBuildFile; fileRef = 4E9EFCA42A949ABE004111FC /* LoadingView.swift */; };
		4E9EFCA82A949D5F004111FC /* CAGradientLayer + animation.swift in Sources */ = {isa = PBXBuildFile; fileRef = 4E9EFCA72A949D5F004111FC /* CAGradientLayer + animation.swift */; };
		4E9EFCAA2A94D3F8004111FC /* UIColour + customColour.swift in Sources */ = {isa = PBXBuildFile; fileRef = 4E9EFCA92A94D3F8004111FC /* UIColour + customColour.swift */; };
		4E9EFCAC2A94D8C6004111FC /* ProductActionsView.swift in Sources */ = {isa = PBXBuildFile; fileRef = 4E9EFCAB2A94D8C6004111FC /* ProductActionsView.swift */; };
		4E9EFCAE2A9C9E56004111FC /* ProfileView.swift in Sources */ = {isa = PBXBuildFile; fileRef = 4E9EFCAD2A9C9E56004111FC /* ProfileView.swift */; };
		4E9EFCB02A9C9E90004111FC /* ProfileViewModel.swift in Sources */ = {isa = PBXBuildFile; fileRef = 4E9EFCAF2A9C9E90004111FC /* ProfileViewModel.swift */; };
		4E9EFCB42A9CA22E004111FC /* ProfileCell.swift in Sources */ = {isa = PBXBuildFile; fileRef = 4E9EFCB32A9CA22E004111FC /* ProfileCell.swift */; };
		4E9EFCB62A9CA267004111FC /* OfficeCell.swift in Sources */ = {isa = PBXBuildFile; fileRef = 4E9EFCB52A9CA267004111FC /* OfficeCell.swift */; };
		4E9EFCB82A9CA282004111FC /* LogoutCell.swift in Sources */ = {isa = PBXBuildFile; fileRef = 4E9EFCB72A9CA282004111FC /* LogoutCell.swift */; };
		4E9EFCC42A9CE5DF004111FC /* OrderView.swift in Sources */ = {isa = PBXBuildFile; fileRef = 4E9EFCC32A9CE5DF004111FC /* OrderView.swift */; };
		4E9EFCC62A9CE609004111FC /* OrderViewModel.swift in Sources */ = {isa = PBXBuildFile; fileRef = 4E9EFCC52A9CE608004111FC /* OrderViewModel.swift */; };
		4EBB13092A56AF3C00C6C47A /* MainView.swift in Sources */ = {isa = PBXBuildFile; fileRef = 4EBB13082A56AF3C00C6C47A /* MainView.swift */; };
		4EBB130B2A56BF8500C6C47A /* UITableView + registerCell.swift in Sources */ = {isa = PBXBuildFile; fileRef = 4EBB130A2A56BF8500C6C47A /* UITableView + registerCell.swift */; };
		4EBB130D2A56C31200C6C47A /* UITableViewCell + reuseID.swift in Sources */ = {isa = PBXBuildFile; fileRef = 4EBB130C2A56C31200C6C47A /* UITableViewCell + reuseID.swift */; };
		4EBB130F2A56C76000C6C47A /* MainTableView.swift in Sources */ = {isa = PBXBuildFile; fileRef = 4EBB130E2A56C76000C6C47A /* MainTableView.swift */; };
		4ED29BDB2A6295AE004B8C20 /* HayTabBarController.swift in Sources */ = {isa = PBXBuildFile; fileRef = 4ED29BDA2A6295AE004B8C20 /* HayTabBarController.swift */; };
		4ED29BDF2A6296BC004B8C20 /* FavouriteViewController.swift in Sources */ = {isa = PBXBuildFile; fileRef = 4ED29BDE2A6296BC004B8C20 /* FavouriteViewController.swift */; };
		4ED29BE32A6297C4004B8C20 /* BasketViewController.swift in Sources */ = {isa = PBXBuildFile; fileRef = 4ED29BE22A6297C4004B8C20 /* BasketViewController.swift */; };
		4ED29BE52A6297D4004B8C20 /* ProfileViewController.swift in Sources */ = {isa = PBXBuildFile; fileRef = 4ED29BE42A6297D4004B8C20 /* ProfileViewController.swift */; };
		4ED29BE72A63F6ED004B8C20 /* JSON-Inspiration in Resources */ = {isa = PBXBuildFile; fileRef = 4ED29BE62A63F6ED004B8C20 /* JSON-Inspiration */; };
		4ED29BE92A63FDE5004B8C20 /* JSON-HayAndDesigners in Resources */ = {isa = PBXBuildFile; fileRef = 4ED29BE82A63FDE5004B8C20 /* JSON-HayAndDesigners */; };
		4ED29BEB2A6404AD004B8C20 /* FirstDesignerProducts in Resources */ = {isa = PBXBuildFile; fileRef = 4ED29BEA2A6404AD004B8C20 /* FirstDesignerProducts */; };
		4ED29BED2A6411B5004B8C20 /* HayEndpoins.swift in Sources */ = {isa = PBXBuildFile; fileRef = 4ED29BEC2A6411B5004B8C20 /* HayEndpoins.swift */; };
/* End PBXBuildFile section */

/* Begin PBXFileReference section */
		4E2017682A55570000E421C0 /* HayBase.app */ = {isa = PBXFileReference; explicitFileType = wrapper.application; includeInIndex = 0; path = HayBase.app; sourceTree = BUILT_PRODUCTS_DIR; };
		4E20176B2A55570000E421C0 /* AppDelegate.swift */ = {isa = PBXFileReference; lastKnownFileType = sourcecode.swift; path = AppDelegate.swift; sourceTree = "<group>"; };
		4E20176D2A55570000E421C0 /* SceneDelegate.swift */ = {isa = PBXFileReference; lastKnownFileType = sourcecode.swift; path = SceneDelegate.swift; sourceTree = "<group>"; };
		4E20176F2A55570000E421C0 /* MainViewController.swift */ = {isa = PBXFileReference; lastKnownFileType = sourcecode.swift; path = MainViewController.swift; sourceTree = "<group>"; };
		4E2017742A55570200E421C0 /* Assets.xcassets */ = {isa = PBXFileReference; lastKnownFileType = folder.assetcatalog; path = Assets.xcassets; sourceTree = "<group>"; };
		4E2017772A55570200E421C0 /* Base */ = {isa = PBXFileReference; lastKnownFileType = file.storyboard; name = Base; path = Base.lproj/LaunchScreen.storyboard; sourceTree = "<group>"; };
		4E2017792A55570200E421C0 /* Info.plist */ = {isa = PBXFileReference; lastKnownFileType = text.plist.xml; path = Info.plist; sourceTree = "<group>"; };
		4E2017812A555C1F00E421C0 /* Product.swift */ = {isa = PBXFileReference; lastKnownFileType = sourcecode.swift; path = Product.swift; sourceTree = "<group>"; };
		4E2187602A713C64002F0785 /* InspirationDetailViewController.swift */ = {isa = PBXFileReference; lastKnownFileType = sourcecode.swift; path = InspirationDetailViewController.swift; sourceTree = "<group>"; };
		4E2187632A713FA4002F0785 /* InspirationDetailView.swift */ = {isa = PBXFileReference; lastKnownFileType = sourcecode.swift; path = InspirationDetailView.swift; sourceTree = "<group>"; };
		4E2187652A7149F5002F0785 /* CollectionViewCell.swift */ = {isa = PBXFileReference; lastKnownFileType = sourcecode.swift; path = CollectionViewCell.swift; sourceTree = "<group>"; };
		4E21876B2A72775F002F0785 /* InspoDetailViewModel.swift */ = {isa = PBXFileReference; lastKnownFileType = sourcecode.swift; path = InspoDetailViewModel.swift; sourceTree = "<group>"; };
		4E21876D2A727D48002F0785 /* BasicProductCell.swift */ = {isa = PBXFileReference; lastKnownFileType = sourcecode.swift; path = BasicProductCell.swift; sourceTree = "<group>"; };
		4E2187712A78ED08002F0785 /* UIButton + pointInside.swift */ = {isa = PBXFileReference; lastKnownFileType = sourcecode.swift; path = "UIButton + pointInside.swift"; sourceTree = "<group>"; };
		4E2187732A78FF0D002F0785 /* FavouriteView.swift */ = {isa = PBXFileReference; lastKnownFileType = sourcecode.swift; path = FavouriteView.swift; sourceTree = "<group>"; };
		4E2187752A78FF30002F0785 /* ProductLocal.swift */ = {isa = PBXFileReference; lastKnownFileType = sourcecode.swift; path = ProductLocal.swift; sourceTree = "<group>"; };
		4E2187772A78FF63002F0785 /* FavouriteViewModel.swift */ = {isa = PBXFileReference; lastKnownFileType = sourcecode.swift; path = FavouriteViewModel.swift; sourceTree = "<group>"; };
		4E21877D2A7A4306002F0785 /* FavouriteService.swift */ = {isa = PBXFileReference; lastKnownFileType = sourcecode.swift; path = FavouriteService.swift; sourceTree = "<group>"; };
		4E2187802A7CEFB9002F0785 /* ProductsArchiver.swift */ = {isa = PBXFileReference; lastKnownFileType = sourcecode.swift; path = ProductsArchiver.swift; sourceTree = "<group>"; };
		4E3476842AA09D8200C670F5 /* TotalCell.swift */ = {isa = PBXFileReference; lastKnownFileType = sourcecode.swift; path = TotalCell.swift; sourceTree = "<group>"; };
		4E3476862AA0A2D600C670F5 /* DiscountCell.swift */ = {isa = PBXFileReference; lastKnownFileType = sourcecode.swift; path = DiscountCell.swift; sourceTree = "<group>"; };
		4E42474F2A86295B00D9153E /* LocaleDesigners.swift */ = {isa = PBXFileReference; lastKnownFileType = sourcecode.swift; path = LocaleDesigners.swift; sourceTree = "<group>"; };
		4E4247512A86298500D9153E /* LocaleInspiration.swift */ = {isa = PBXFileReference; lastKnownFileType = sourcecode.swift; path = LocaleInspiration.swift; sourceTree = "<group>"; };
		4E5AD0D72AA5E47100D4BDCB /* LoadingCell.swift */ = {isa = PBXFileReference; lastKnownFileType = sourcecode.swift; path = LoadingCell.swift; sourceTree = "<group>"; };
		4E5AD0D92AA5F56700D4BDCB /* LoadingDesignerCell.swift */ = {isa = PBXFileReference; lastKnownFileType = sourcecode.swift; path = LoadingDesignerCell.swift; sourceTree = "<group>"; };
		4E5AD0DB2AA5F57B00D4BDCB /* LoadingDisignerProductCell.swift */ = {isa = PBXFileReference; lastKnownFileType = sourcecode.swift; path = LoadingDisignerProductCell.swift; sourceTree = "<group>"; };
		4E663DEE2A81106300F8D86B /* ProductDetailViewModel.swift */ = {isa = PBXFileReference; lastKnownFileType = sourcecode.swift; path = ProductDetailViewModel.swift; sourceTree = "<group>"; };
		4E663DF02A81109200F8D86B /* ProductDetailViewController.swift */ = {isa = PBXFileReference; lastKnownFileType = sourcecode.swift; path = ProductDetailViewController.swift; sourceTree = "<group>"; };
		4E663DF22A8110B800F8D86B /* ProductDetailView.swift */ = {isa = PBXFileReference; lastKnownFileType = sourcecode.swift; path = ProductDetailView.swift; sourceTree = "<group>"; };
		4E663DF42A8135F700F8D86B /* ProductImageGaleryCell.swift */ = {isa = PBXFileReference; lastKnownFileType = sourcecode.swift; path = ProductImageGaleryCell.swift; sourceTree = "<group>"; };
		4E663DF62A823A8000F8D86B /* ProductInfoCell.swift */ = {isa = PBXFileReference; lastKnownFileType = sourcecode.swift; path = ProductInfoCell.swift; sourceTree = "<group>"; };
		4E663DFB2A83AAA600F8D86B /* LikeButton.swift */ = {isa = PBXFileReference; lastKnownFileType = sourcecode.swift; path = LikeButton.swift; sourceTree = "<group>"; };
		4E7298C52A9CE6F8003C0F6C /* OrderViewController.swift */ = {isa = PBXFileReference; lastKnownFileType = sourcecode.swift; path = OrderViewController.swift; sourceTree = "<group>"; };
		4E7298C82A9DF015003C0F6C /* OrderAddressCell.swift */ = {isa = PBXFileReference; lastKnownFileType = sourcecode.swift; path = OrderAddressCell.swift; sourceTree = "<group>"; };
		4E7298CA2A9E00BF003C0F6C /* DateCell.swift */ = {isa = PBXFileReference; lastKnownFileType = sourcecode.swift; path = DateCell.swift; sourceTree = "<group>"; };
		4E7298CC2A9E0323003C0F6C /* OrderProductsCollectionCell.swift */ = {isa = PBXFileReference; lastKnownFileType = sourcecode.swift; path = OrderProductsCollectionCell.swift; sourceTree = "<group>"; };
		4E7298CE2A9E132B003C0F6C /* ReceiverCell.swift */ = {isa = PBXFileReference; lastKnownFileType = sourcecode.swift; path = ReceiverCell.swift; sourceTree = "<group>"; };
		4E7298D02A9E17BA003C0F6C /* PaymentCell.swift */ = {isa = PBXFileReference; lastKnownFileType = sourcecode.swift; path = PaymentCell.swift; sourceTree = "<group>"; };
		4E7E82A02A6E8A64008F2EE1 /* RequestProcessorError.swift */ = {isa = PBXFileReference; lastKnownFileType = sourcecode.swift; path = RequestProcessorError.swift; sourceTree = "<group>"; };
		4E7E82A22A6E8FD9008F2EE1 /* Endpoint.swift */ = {isa = PBXFileReference; lastKnownFileType = sourcecode.swift; path = Endpoint.swift; sourceTree = "<group>"; };
		4E7E82A42A6E9016008F2EE1 /* HayService.swift */ = {isa = PBXFileReference; lastKnownFileType = sourcecode.swift; path = HayService.swift; sourceTree = "<group>"; };
		4E80FF7F2A66A85A0065F729 /* API.swift */ = {isa = PBXFileReference; lastKnownFileType = sourcecode.swift; path = API.swift; sourceTree = "<group>"; };
		4E86BD592A5948250007CDE7 /* ProductTableCell.swift */ = {isa = PBXFileReference; lastKnownFileType = sourcecode.swift; path = ProductTableCell.swift; sourceTree = "<group>"; };
		4E86BD5B2A594EC70007CDE7 /* ProductCollectionCell.swift */ = {isa = PBXFileReference; lastKnownFileType = sourcecode.swift; path = ProductCollectionCell.swift; sourceTree = "<group>"; };
		4E86BD5F2A59786B0007CDE7 /* ProductTabelCell.swift */ = {isa = PBXFileReference; lastKnownFileType = sourcecode.swift; path = ProductTabelCell.swift; sourceTree = "<group>"; };
		4E86BD622A59A3340007CDE7 /* Designer.swift */ = {isa = PBXFileReference; lastKnownFileType = sourcecode.swift; path = Designer.swift; sourceTree = "<group>"; };
		4E86BD662A59A70F0007CDE7 /* DesignerCell.swift */ = {isa = PBXFileReference; lastKnownFileType = sourcecode.swift; path = DesignerCell.swift; sourceTree = "<group>"; };
		4E86BD682A59B3410007CDE7 /* DesignerProductsCell.swift */ = {isa = PBXFileReference; lastKnownFileType = sourcecode.swift; path = DesignerProductsCell.swift; sourceTree = "<group>"; };
		4E9BE0A72A5D59090043C201 /* Constants.swift */ = {isa = PBXFileReference; lastKnownFileType = sourcecode.swift; path = Constants.swift; sourceTree = "<group>"; };
		4E9BE0AB2A5D670B0043C201 /* Inspiration.swift */ = {isa = PBXFileReference; lastKnownFileType = sourcecode.swift; path = Inspiration.swift; sourceTree = "<group>"; };
		4E9BE0CF2A6059920043C201 /* MainViewModel.swift */ = {isa = PBXFileReference; lastKnownFileType = sourcecode.swift; path = MainViewModel.swift; sourceTree = "<group>"; };
		4E9BE0D22A605A840043C201 /* InspirationTableHeader.swift */ = {isa = PBXFileReference; lastKnownFileType = sourcecode.swift; path = InspirationTableHeader.swift; sourceTree = "<group>"; };
		4E9BE0D62A605AF20043C201 /* InspirationPageViews.swift */ = {isa = PBXFileReference; lastKnownFileType = sourcecode.swift; path = InspirationPageViews.swift; sourceTree = "<group>"; };
		4E9DDF892A6FF17A00179AC6 /* PopularProducts */ = {isa = PBXFileReference; lastKnownFileType = text; path = PopularProducts; sourceTree = "<group>"; xcLanguageSpecificationIdentifier = xcode.lang.json; };
		4E9DDF8B2A6FFC1200179AC6 /* Popular.swift */ = {isa = PBXFileReference; lastKnownFileType = sourcecode.swift; path = Popular.swift; sourceTree = "<group>"; };
		4E9EFC9C2A922909004111FC /* BuyButton.swift */ = {isa = PBXFileReference; lastKnownFileType = sourcecode.swift; path = BuyButton.swift; sourceTree = "<group>"; };
		4E9EFC9E2A923254004111FC /* BasketView.swift */ = {isa = PBXFileReference; lastKnownFileType = sourcecode.swift; path = BasketView.swift; sourceTree = "<group>"; };
		4E9EFCA02A92326F004111FC /* BasketViewModel.swift */ = {isa = PBXFileReference; lastKnownFileType = sourcecode.swift; path = BasketViewModel.swift; sourceTree = "<group>"; };
		4E9EFCA22A92512D004111FC /* OrderInfoCell.swift */ = {isa = PBXFileReference; lastKnownFileType = sourcecode.swift; path = OrderInfoCell.swift; sourceTree = "<group>"; };
		4E9EFCA42A949ABE004111FC /* LoadingView.swift */ = {isa = PBXFileReference; lastKnownFileType = sourcecode.swift; path = LoadingView.swift; sourceTree = "<group>"; };
		4E9EFCA72A949D5F004111FC /* CAGradientLayer + animation.swift */ = {isa = PBXFileReference; lastKnownFileType = sourcecode.swift; path = "CAGradientLayer + animation.swift"; sourceTree = "<group>"; };
		4E9EFCA92A94D3F8004111FC /* UIColour + customColour.swift */ = {isa = PBXFileReference; lastKnownFileType = sourcecode.swift; path = "UIColour + customColour.swift"; sourceTree = "<group>"; };
		4E9EFCAB2A94D8C6004111FC /* ProductActionsView.swift */ = {isa = PBXFileReference; lastKnownFileType = sourcecode.swift; path = ProductActionsView.swift; sourceTree = "<group>"; };
		4E9EFCAD2A9C9E56004111FC /* ProfileView.swift */ = {isa = PBXFileReference; lastKnownFileType = sourcecode.swift; path = ProfileView.swift; sourceTree = "<group>"; };
		4E9EFCAF2A9C9E90004111FC /* ProfileViewModel.swift */ = {isa = PBXFileReference; lastKnownFileType = sourcecode.swift; path = ProfileViewModel.swift; sourceTree = "<group>"; };
		4E9EFCB32A9CA22E004111FC /* ProfileCell.swift */ = {isa = PBXFileReference; lastKnownFileType = sourcecode.swift; path = ProfileCell.swift; sourceTree = "<group>"; };
		4E9EFCB52A9CA267004111FC /* OfficeCell.swift */ = {isa = PBXFileReference; lastKnownFileType = sourcecode.swift; path = OfficeCell.swift; sourceTree = "<group>"; };
		4E9EFCB72A9CA282004111FC /* LogoutCell.swift */ = {isa = PBXFileReference; lastKnownFileType = sourcecode.swift; path = LogoutCell.swift; sourceTree = "<group>"; };
		4E9EFCC32A9CE5DF004111FC /* OrderView.swift */ = {isa = PBXFileReference; lastKnownFileType = sourcecode.swift; path = OrderView.swift; sourceTree = "<group>"; };
		4E9EFCC52A9CE608004111FC /* OrderViewModel.swift */ = {isa = PBXFileReference; lastKnownFileType = sourcecode.swift; path = OrderViewModel.swift; sourceTree = "<group>"; };
		4EBB13082A56AF3C00C6C47A /* MainView.swift */ = {isa = PBXFileReference; lastKnownFileType = sourcecode.swift; path = MainView.swift; sourceTree = "<group>"; };
		4EBB130A2A56BF8500C6C47A /* UITableView + registerCell.swift */ = {isa = PBXFileReference; lastKnownFileType = sourcecode.swift; path = "UITableView + registerCell.swift"; sourceTree = "<group>"; };
		4EBB130C2A56C31200C6C47A /* UITableViewCell + reuseID.swift */ = {isa = PBXFileReference; lastKnownFileType = sourcecode.swift; path = "UITableViewCell + reuseID.swift"; sourceTree = "<group>"; };
		4EBB130E2A56C76000C6C47A /* MainTableView.swift */ = {isa = PBXFileReference; lastKnownFileType = sourcecode.swift; path = MainTableView.swift; sourceTree = "<group>"; };
		4ED29BDA2A6295AE004B8C20 /* HayTabBarController.swift */ = {isa = PBXFileReference; lastKnownFileType = sourcecode.swift; path = HayTabBarController.swift; sourceTree = "<group>"; };
		4ED29BDE2A6296BC004B8C20 /* FavouriteViewController.swift */ = {isa = PBXFileReference; lastKnownFileType = sourcecode.swift; path = FavouriteViewController.swift; sourceTree = "<group>"; };
		4ED29BE22A6297C4004B8C20 /* BasketViewController.swift */ = {isa = PBXFileReference; lastKnownFileType = sourcecode.swift; path = BasketViewController.swift; sourceTree = "<group>"; };
		4ED29BE42A6297D4004B8C20 /* ProfileViewController.swift */ = {isa = PBXFileReference; lastKnownFileType = sourcecode.swift; path = ProfileViewController.swift; sourceTree = "<group>"; };
		4ED29BE62A63F6ED004B8C20 /* JSON-Inspiration */ = {isa = PBXFileReference; lastKnownFileType = text; path = "JSON-Inspiration"; sourceTree = "<group>"; xcLanguageSpecificationIdentifier = xcode.lang.json; };
		4ED29BE82A63FDE5004B8C20 /* JSON-HayAndDesigners */ = {isa = PBXFileReference; lastKnownFileType = text; path = "JSON-HayAndDesigners"; sourceTree = "<group>"; xcLanguageSpecificationIdentifier = xcode.lang.json; };
		4ED29BEA2A6404AD004B8C20 /* FirstDesignerProducts */ = {isa = PBXFileReference; lastKnownFileType = text; path = FirstDesignerProducts; sourceTree = "<group>"; xcLanguageSpecificationIdentifier = xcode.lang.json; };
		4ED29BEC2A6411B5004B8C20 /* HayEndpoins.swift */ = {isa = PBXFileReference; lastKnownFileType = sourcecode.swift; path = HayEndpoins.swift; sourceTree = "<group>"; };
/* End PBXFileReference section */

/* Begin PBXFrameworksBuildPhase section */
		4E2017652A55570000E421C0 /* Frameworks */ = {
			isa = PBXFrameworksBuildPhase;
			buildActionMask = 2147483647;
			files = (
			);
			runOnlyForDeploymentPostprocessing = 0;
		};
/* End PBXFrameworksBuildPhase section */

/* Begin PBXGroup section */
		4E20175F2A55570000E421C0 = {
			isa = PBXGroup;
			children = (
				4E20176A2A55570000E421C0 /* HayBase */,
				4E2017692A55570000E421C0 /* Products */,
			);
			sourceTree = "<group>";
		};
		4E2017692A55570000E421C0 /* Products */ = {
			isa = PBXGroup;
			children = (
				4E2017682A55570000E421C0 /* HayBase.app */,
			);
			name = Products;
			sourceTree = "<group>";
		};
		4E20176A2A55570000E421C0 /* HayBase */ = {
			isa = PBXGroup;
			children = (
				4E9BE0A02A5C029B0043C201 /* App */,
				4ED29BD92A62956E004B8C20 /* Navigation */,
				4E21875F2A710C2F002F0785 /* Modules */,
				4E9BE09F2A5C02680043C201 /* Services */,
				4E663DFD2A83AAD200F8D86B /* CustomComponents */,
				4E86BD642A59A5B80007CDE7 /* Models */,
				4E9EFCA62A949D43004111FC /* Animation */,
				4E9BE0A62A5D58EC0043C201 /* Constants */,
				4E86BD5D2A59596C0007CDE7 /* Extentions */,
				4ED29BDC2A6295F1004B8C20 /* Resources */,
			);
			path = HayBase;
			sourceTree = "<group>";
		};
		4E21875F2A710C2F002F0785 /* Modules */ = {
			isa = PBXGroup;
			children = (
				4E663DF82A837AE000F8D86B /* Components */,
				4E9BE09D2A5C02400043C201 /* Main */,
				4E9EFCC02A9CE576004111FC /* Order */,
				4ED29BE12A62974B004B8C20 /* Basket */,
				4ED29BE02A629740004B8C20 /* Profile */,
				4ED29BDD2A629670004B8C20 /* Favourite */,
			);
			path = Modules;
			sourceTree = "<group>";
		};
		4E2187672A72751F002F0785 /* Details */ = {
			isa = PBXGroup;
			children = (
				4E21876A2A727703002F0785 /* Controller */,
				4E2187692A7276F8002F0785 /* ViewModel */,
				4E2187682A7276F0002F0785 /* Views */,
			);
			path = Details;
			sourceTree = "<group>";
		};
		4E2187682A7276F0002F0785 /* Views */ = {
			isa = PBXGroup;
			children = (
				4E2187632A713FA4002F0785 /* InspirationDetailView.swift */,
				4E2187652A7149F5002F0785 /* CollectionViewCell.swift */,
			);
			path = Views;
			sourceTree = "<group>";
		};
		4E2187692A7276F8002F0785 /* ViewModel */ = {
			isa = PBXGroup;
			children = (
				4E21876B2A72775F002F0785 /* InspoDetailViewModel.swift */,
			);
			path = ViewModel;
			sourceTree = "<group>";
		};
		4E21876A2A727703002F0785 /* Controller */ = {
			isa = PBXGroup;
			children = (
				4E2187602A713C64002F0785 /* InspirationDetailViewController.swift */,
			);
			path = Controller;
			sourceTree = "<group>";
		};
		4E2187702A77ACC0002F0785 /* MainDetailModuls */ = {
			isa = PBXGroup;
			children = (
				4E2187672A72751F002F0785 /* Details */,
			);
			path = MainDetailModuls;
			sourceTree = "<group>";
		};
		4E21877F2A7CEF40002F0785 /* Storage */ = {
			isa = PBXGroup;
			children = (
				4E21877D2A7A4306002F0785 /* FavouriteService.swift */,
				4E2187802A7CEFB9002F0785 /* ProductsArchiver.swift */,
			);
			path = Storage;
			sourceTree = "<group>";
		};
		4E2187822A7FF54B002F0785 /* BasicViews */ = {
			isa = PBXGroup;
			children = (
				4E21876D2A727D48002F0785 /* BasicProductCell.swift */,
			);
			path = BasicViews;
			sourceTree = "<group>";
		};
		4E42474D2A86291B00D9153E /* APIModels */ = {
			isa = PBXGroup;
			children = (
				4E2017812A555C1F00E421C0 /* Product.swift */,
				4E86BD622A59A3340007CDE7 /* Designer.swift */,
				4E9BE0AB2A5D670B0043C201 /* Inspiration.swift */,
				4E9DDF8B2A6FFC1200179AC6 /* Popular.swift */,
			);
			path = APIModels;
			sourceTree = "<group>";
		};
		4E42474E2A86293900D9153E /* LocaleModels */ = {
			isa = PBXGroup;
			children = (
				4E2187752A78FF30002F0785 /* ProductLocal.swift */,
				4E42474F2A86295B00D9153E /* LocaleDesigners.swift */,
				4E4247512A86298500D9153E /* LocaleInspiration.swift */,
			);
			path = LocaleModels;
			sourceTree = "<group>";
		};
		4E5AD0DD2AA5F58500D4BDCB /* LoadingCells */ = {
			isa = PBXGroup;
			children = (
				4E5AD0D92AA5F56700D4BDCB /* LoadingDesignerCell.swift */,
				4E5AD0DB2AA5F57B00D4BDCB /* LoadingDisignerProductCell.swift */,
			);
			path = LoadingCells;
			sourceTree = "<group>";
		};
		4E663DED2A810FFB00F8D86B /* BasicModules */ = {
			isa = PBXGroup;
			children = (
				4E663DEE2A81106300F8D86B /* ProductDetailViewModel.swift */,
				4E663DF02A81109200F8D86B /* ProductDetailViewController.swift */,
				4E663DF22A8110B800F8D86B /* ProductDetailView.swift */,
				4E663DF42A8135F700F8D86B /* ProductImageGaleryCell.swift */,
				4E663DF62A823A8000F8D86B /* ProductInfoCell.swift */,
				4E9EFCAB2A94D8C6004111FC /* ProductActionsView.swift */,
			);
			path = BasicModules;
			sourceTree = "<group>";
		};
		4E663DF82A837AE000F8D86B /* Components */ = {
			isa = PBXGroup;
			children = (
				4E663DED2A810FFB00F8D86B /* BasicModules */,
				4E2187822A7FF54B002F0785 /* BasicViews */,
			);
			path = Components;
			sourceTree = "<group>";
		};
		4E663DF92A837BFF00F8D86B /* API */ = {
			isa = PBXGroup;
			children = (
				4E7E82A22A6E8FD9008F2EE1 /* Endpoint.swift */,
				4ED29BEC2A6411B5004B8C20 /* HayEndpoins.swift */,
				4E7E82A02A6E8A64008F2EE1 /* RequestProcessorError.swift */,
				4E80FF7F2A66A85A0065F729 /* API.swift */,
				4E7E82A42A6E9016008F2EE1 /* HayService.swift */,
			);
			path = API;
			sourceTree = "<group>";
		};
		4E663DFD2A83AAD200F8D86B /* CustomComponents */ = {
			isa = PBXGroup;
			children = (
				4E663DFB2A83AAA600F8D86B /* LikeButton.swift */,
				4E9EFC9C2A922909004111FC /* BuyButton.swift */,
			);
			path = CustomComponents;
			sourceTree = "<group>";
		};
		4E7298C72A9DEF97003C0F6C /* Cellls */ = {
			isa = PBXGroup;
			children = (
				4E7298C82A9DF015003C0F6C /* OrderAddressCell.swift */,
				4E7298CA2A9E00BF003C0F6C /* DateCell.swift */,
				4E7298CC2A9E0323003C0F6C /* OrderProductsCollectionCell.swift */,
				4E7298CE2A9E132B003C0F6C /* ReceiverCell.swift */,
				4E7298D02A9E17BA003C0F6C /* PaymentCell.swift */,
				4E3476842AA09D8200C670F5 /* TotalCell.swift */,
			);
			path = Cellls;
			sourceTree = "<group>";
		};
		4E86BD5D2A59596C0007CDE7 /* Extentions */ = {
			isa = PBXGroup;
			children = (
				4E9EFCA72A949D5F004111FC /* CAGradientLayer + animation.swift */,
				4EBB130A2A56BF8500C6C47A /* UITableView + registerCell.swift */,
				4EBB130C2A56C31200C6C47A /* UITableViewCell + reuseID.swift */,
				4E2187712A78ED08002F0785 /* UIButton + pointInside.swift */,
				4E9EFCA92A94D3F8004111FC /* UIColour + customColour.swift */,
			);
			path = Extentions;
			sourceTree = "<group>";
		};
		4E86BD5E2A5961500007CDE7 /* PopularSection */ = {
			isa = PBXGroup;
			children = (
				4E86BD592A5948250007CDE7 /* ProductTableCell.swift */,
				4E86BD5B2A594EC70007CDE7 /* ProductCollectionCell.swift */,
				4E5AD0D72AA5E47100D4BDCB /* LoadingCell.swift */,
			);
			path = PopularSection;
			sourceTree = "<group>";
		};
		4E86BD642A59A5B80007CDE7 /* Models */ = {
			isa = PBXGroup;
			children = (
				4E42474E2A86293900D9153E /* LocaleModels */,
				4E42474D2A86291B00D9153E /* APIModels */,
			);
			path = Models;
			sourceTree = "<group>";
		};
		4E86BD652A59A6D40007CDE7 /* DisignerCollaborationCell */ = {
			isa = PBXGroup;
			children = (
				4E86BD662A59A70F0007CDE7 /* DesignerCell.swift */,
				4E86BD682A59B3410007CDE7 /* DesignerProductsCell.swift */,
				4E5AD0DD2AA5F58500D4BDCB /* LoadingCells */,
			);
			path = DisignerCollaborationCell;
			sourceTree = "<group>";
		};
		4E9BE09D2A5C02400043C201 /* Main */ = {
			isa = PBXGroup;
			children = (
				4E9BE0D12A605A240043C201 /* ViewModel */,
				4E9BE0A12A5C02B50043C201 /* Views */,
				4E9BE09E2A5C02540043C201 /* MainViewController */,
				4E2187702A77ACC0002F0785 /* MainDetailModuls */,
			);
			path = Main;
			sourceTree = "<group>";
		};
		4E9BE09E2A5C02540043C201 /* MainViewController */ = {
			isa = PBXGroup;
			children = (
				4E20176F2A55570000E421C0 /* MainViewController.swift */,
			);
			path = MainViewController;
			sourceTree = "<group>";
		};
		4E9BE09F2A5C02680043C201 /* Services */ = {
			isa = PBXGroup;
			children = (
				4E21877F2A7CEF40002F0785 /* Storage */,
				4E663DF92A837BFF00F8D86B /* API */,
			);
			path = Services;
			sourceTree = "<group>";
		};
		4E9BE0A02A5C029B0043C201 /* App */ = {
			isa = PBXGroup;
			children = (
				4E20176B2A55570000E421C0 /* AppDelegate.swift */,
				4E20176D2A55570000E421C0 /* SceneDelegate.swift */,
			);
			path = App;
			sourceTree = "<group>";
		};
		4E9BE0A12A5C02B50043C201 /* Views */ = {
			isa = PBXGroup;
			children = (
				4E9BE0A22A5C02E60043C201 /* MainView */,
				4E9BE0D42A605A8F0043C201 /* Header */,
				4E86BD5E2A5961500007CDE7 /* PopularSection */,
				4E86BD652A59A6D40007CDE7 /* DisignerCollaborationCell */,
			);
			path = Views;
			sourceTree = "<group>";
		};
		4E9BE0A22A5C02E60043C201 /* MainView */ = {
			isa = PBXGroup;
			children = (
				4EBB13082A56AF3C00C6C47A /* MainView.swift */,
				4EBB130E2A56C76000C6C47A /* MainTableView.swift */,
			);
			path = MainView;
			sourceTree = "<group>";
		};
		4E9BE0A62A5D58EC0043C201 /* Constants */ = {
			isa = PBXGroup;
			children = (
				4E9BE0A72A5D59090043C201 /* Constants.swift */,
			);
			path = Constants;
			sourceTree = "<group>";
		};
		4E9BE0D12A605A240043C201 /* ViewModel */ = {
			isa = PBXGroup;
			children = (
				4E9BE0CF2A6059920043C201 /* MainViewModel.swift */,
			);
			path = ViewModel;
			sourceTree = "<group>";
		};
		4E9BE0D42A605A8F0043C201 /* Header */ = {
			isa = PBXGroup;
			children = (
				4E9BE0D22A605A840043C201 /* InspirationTableHeader.swift */,
				4E9BE0D62A605AF20043C201 /* InspirationPageViews.swift */,
			);
			path = Header;
			sourceTree = "<group>";
		};
		4E9EFCA62A949D43004111FC /* Animation */ = {
			isa = PBXGroup;
			children = (
				4E9EFCA42A949ABE004111FC /* LoadingView.swift */,
			);
			path = Animation;
			sourceTree = "<group>";
		};
		4E9EFCB12A9C9F0D004111FC /* Cells */ = {
			isa = PBXGroup;
			children = (
				4E86BD5F2A59786B0007CDE7 /* ProductTabelCell.swift */,
				4E9EFCA22A92512D004111FC /* OrderInfoCell.swift */,
			);
			path = Cells;
			sourceTree = "<group>";
		};
		4E9EFCB22A9CA206004111FC /* Cells */ = {
			isa = PBXGroup;
			children = (
				4E9EFCB32A9CA22E004111FC /* ProfileCell.swift */,
				4E3476862AA0A2D600C670F5 /* DiscountCell.swift */,
				4E9EFCB52A9CA267004111FC /* OfficeCell.swift */,
				4E9EFCB72A9CA282004111FC /* LogoutCell.swift */,
			);
			path = Cells;
			sourceTree = "<group>";
		};
		4E9EFCC02A9CE576004111FC /* Order */ = {
			isa = PBXGroup;
			children = (
				4E7298C72A9DEF97003C0F6C /* Cellls */,
				4E9EFCC32A9CE5DF004111FC /* OrderView.swift */,
				4E9EFCC52A9CE608004111FC /* OrderViewModel.swift */,
				4E7298C52A9CE6F8003C0F6C /* OrderViewController.swift */,
			);
			path = Order;
			sourceTree = "<group>";
		};
		4ED29BD92A62956E004B8C20 /* Navigation */ = {
			isa = PBXGroup;
			children = (
				4ED29BDA2A6295AE004B8C20 /* HayTabBarController.swift */,
			);
			path = Navigation;
			sourceTree = "<group>";
		};
		4ED29BDC2A6295F1004B8C20 /* Resources */ = {
			isa = PBXGroup;
			children = (
				4E2017792A55570200E421C0 /* Info.plist */,
				4E2017742A55570200E421C0 /* Assets.xcassets */,
				4E2017762A55570200E421C0 /* LaunchScreen.storyboard */,
				4ED29BE62A63F6ED004B8C20 /* JSON-Inspiration */,
				4ED29BE82A63FDE5004B8C20 /* JSON-HayAndDesigners */,
				4ED29BEA2A6404AD004B8C20 /* FirstDesignerProducts */,
				4E9DDF892A6FF17A00179AC6 /* PopularProducts */,
			);
			path = Resources;
			sourceTree = "<group>";
		};
		4ED29BDD2A629670004B8C20 /* Favourite */ = {
			isa = PBXGroup;
			children = (
				4ED29BDE2A6296BC004B8C20 /* FavouriteViewController.swift */,
				4E2187732A78FF0D002F0785 /* FavouriteView.swift */,
				4E2187772A78FF63002F0785 /* FavouriteViewModel.swift */,
			);
			path = Favourite;
			sourceTree = "<group>";
		};
		4ED29BE02A629740004B8C20 /* Profile */ = {
			isa = PBXGroup;
			children = (
				4E9EFCB22A9CA206004111FC /* Cells */,
				4ED29BE42A6297D4004B8C20 /* ProfileViewController.swift */,
				4E9EFCAD2A9C9E56004111FC /* ProfileView.swift */,
				4E9EFCAF2A9C9E90004111FC /* ProfileViewModel.swift */,
			);
			path = Profile;
			sourceTree = "<group>";
		};
		4ED29BE12A62974B004B8C20 /* Basket */ = {
			isa = PBXGroup;
			children = (
				4ED29BE22A6297C4004B8C20 /* BasketViewController.swift */,
				4E9EFC9E2A923254004111FC /* BasketView.swift */,
				4E9EFCA02A92326F004111FC /* BasketViewModel.swift */,
				4E9EFCB12A9C9F0D004111FC /* Cells */,
			);
			path = Basket;
			sourceTree = "<group>";
		};
/* End PBXGroup section */

/* Begin PBXNativeTarget section */
		4E2017672A55570000E421C0 /* HayBase */ = {
			isa = PBXNativeTarget;
			buildConfigurationList = 4E20177C2A55570200E421C0 /* Build configuration list for PBXNativeTarget "HayBase" */;
			buildPhases = (
				4E2017642A55570000E421C0 /* Sources */,
				4E2017652A55570000E421C0 /* Frameworks */,
				4E2017662A55570000E421C0 /* Resources */,
			);
			buildRules = (
			);
			dependencies = (
			);
			name = HayBase;
			productName = HayBase;
			productReference = 4E2017682A55570000E421C0 /* HayBase.app */;
			productType = "com.apple.product-type.application";
		};
/* End PBXNativeTarget section */

/* Begin PBXProject section */
		4E2017602A55570000E421C0 /* Project object */ = {
			isa = PBXProject;
			attributes = {
				BuildIndependentTargetsInParallel = 1;
				LastSwiftUpdateCheck = 1430;
				LastUpgradeCheck = 1430;
				TargetAttributes = {
					4E2017672A55570000E421C0 = {
						CreatedOnToolsVersion = 14.3;
					};
				};
			};
			buildConfigurationList = 4E2017632A55570000E421C0 /* Build configuration list for PBXProject "HayBase" */;
			compatibilityVersion = "Xcode 13.0";
			developmentRegion = en;
			hasScannedForEncodings = 0;
			knownRegions = (
				en,
				Base,
			);
			mainGroup = 4E20175F2A55570000E421C0;
			productRefGroup = 4E2017692A55570000E421C0 /* Products */;
			projectDirPath = "";
			projectRoot = "";
			targets = (
				4E2017672A55570000E421C0 /* HayBase */,
			);
		};
/* End PBXProject section */

/* Begin PBXResourcesBuildPhase section */
		4E2017662A55570000E421C0 /* Resources */ = {
			isa = PBXResourcesBuildPhase;
			buildActionMask = 2147483647;
			files = (
				4ED29BE92A63FDE5004B8C20 /* JSON-HayAndDesigners in Resources */,
				4E2017782A55570200E421C0 /* LaunchScreen.storyboard in Resources */,
				4ED29BEB2A6404AD004B8C20 /* FirstDesignerProducts in Resources */,
				4E9DDF8A2A6FF17A00179AC6 /* PopularProducts in Resources */,
				4ED29BE72A63F6ED004B8C20 /* JSON-Inspiration in Resources */,
				4E2017752A55570200E421C0 /* Assets.xcassets in Resources */,
			);
			runOnlyForDeploymentPostprocessing = 0;
		};
/* End PBXResourcesBuildPhase section */

/* Begin PBXSourcesBuildPhase section */
		4E2017642A55570000E421C0 /* Sources */ = {
			isa = PBXSourcesBuildPhase;
			buildActionMask = 2147483647;
			files = (
				4E86BD602A59786B0007CDE7 /* ProductTabelCell.swift in Sources */,
				4E86BD672A59A70F0007CDE7 /* DesignerCell.swift in Sources */,
				4E7298CD2A9E0323003C0F6C /* OrderProductsCollectionCell.swift in Sources */,
				4E2187662A7149F5002F0785 /* CollectionViewCell.swift in Sources */,
				4E5AD0DC2AA5F57B00D4BDCB /* LoadingDisignerProductCell.swift in Sources */,
				4E3476872AA0A2D600C670F5 /* DiscountCell.swift in Sources */,
				4E9EFCA12A92326F004111FC /* BasketViewModel.swift in Sources */,
				4E2017702A55570000E421C0 /* MainViewController.swift in Sources */,
				4E5AD0DA2AA5F56800D4BDCB /* LoadingDesignerCell.swift in Sources */,
				4EBB130D2A56C31200C6C47A /* UITableViewCell + reuseID.swift in Sources */,
				4E2187642A713FA4002F0785 /* InspirationDetailView.swift in Sources */,
				4E86BD5A2A5948250007CDE7 /* ProductTableCell.swift in Sources */,
				4E2187782A78FF63002F0785 /* FavouriteViewModel.swift in Sources */,
				4E3476852AA09D8200C670F5 /* TotalCell.swift in Sources */,
				4E2187812A7CEFB9002F0785 /* ProductsArchiver.swift in Sources */,
				4E9EFCAC2A94D8C6004111FC /* ProductActionsView.swift in Sources */,
				4E663DEF2A81106300F8D86B /* ProductDetailViewModel.swift in Sources */,
				4E9EFCAA2A94D3F8004111FC /* UIColour + customColour.swift in Sources */,
				4E663DF52A8135F700F8D86B /* ProductImageGaleryCell.swift in Sources */,
				4ED29BED2A6411B5004B8C20 /* HayEndpoins.swift in Sources */,
				4ED29BE52A6297D4004B8C20 /* ProfileViewController.swift in Sources */,
				4E9EFCA52A949ABF004111FC /* LoadingView.swift in Sources */,
				4E9EFCAE2A9C9E56004111FC /* ProfileView.swift in Sources */,
				4E80FF802A66A85A0065F729 /* API.swift in Sources */,
				4ED29BE32A6297C4004B8C20 /* BasketViewController.swift in Sources */,
				4E663DF12A81109200F8D86B /* ProductDetailViewController.swift in Sources */,
				4E20176C2A55570000E421C0 /* AppDelegate.swift in Sources */,
				4E663DFC2A83AAA600F8D86B /* LikeButton.swift in Sources */,
				4E2017822A555C1F00E421C0 /* Product.swift in Sources */,
				4ED29BDF2A6296BC004B8C20 /* FavouriteViewController.swift in Sources */,
				4E9EFCA32A92512D004111FC /* OrderInfoCell.swift in Sources */,
				4E7E82A32A6E8FD9008F2EE1 /* Endpoint.swift in Sources */,
				4E9EFC9F2A923254004111FC /* BasketView.swift in Sources */,
				4E7298C92A9DF015003C0F6C /* OrderAddressCell.swift in Sources */,
				4EBB130B2A56BF8500C6C47A /* UITableView + registerCell.swift in Sources */,
				4E7298CB2A9E00BF003C0F6C /* DateCell.swift in Sources */,
				4E663DF72A823A8000F8D86B /* ProductInfoCell.swift in Sources */,
				4E9BE0A82A5D59090043C201 /* Constants.swift in Sources */,
				4E7298CF2A9E132B003C0F6C /* ReceiverCell.swift in Sources */,
				4E86BD632A59A3340007CDE7 /* Designer.swift in Sources */,
				4E9BE0D72A605AF20043C201 /* InspirationPageViews.swift in Sources */,
				4E2187762A78FF30002F0785 /* ProductLocal.swift in Sources */,
				4E9EFCA82A949D5F004111FC /* CAGradientLayer + animation.swift in Sources */,
				4E2187742A78FF0D002F0785 /* FavouriteView.swift in Sources */,
				4E7298D12A9E17BA003C0F6C /* PaymentCell.swift in Sources */,
				4E4247522A86298500D9153E /* LocaleInspiration.swift in Sources */,
				4E21876C2A72775F002F0785 /* InspoDetailViewModel.swift in Sources */,
				4E9DDF8C2A6FFC1200179AC6 /* Popular.swift in Sources */,
				4E7298C62A9CE6F8003C0F6C /* OrderViewController.swift in Sources */,
				4E9EFC9D2A922909004111FC /* BuyButton.swift in Sources */,
				4E86BD692A59B3410007CDE7 /* DesignerProductsCell.swift in Sources */,
				4E2187722A78ED08002F0785 /* UIButton + pointInside.swift in Sources */,
				4E7E82A52A6E9016008F2EE1 /* HayService.swift in Sources */,
				4ED29BDB2A6295AE004B8C20 /* HayTabBarController.swift in Sources */,
				4E4247502A86295B00D9153E /* LocaleDesigners.swift in Sources */,
				4E9EFCB02A9C9E90004111FC /* ProfileViewModel.swift in Sources */,
				4E21876E2A727D48002F0785 /* BasicProductCell.swift in Sources */,
				4EBB13092A56AF3C00C6C47A /* MainView.swift in Sources */,
				4E9BE0D02A6059920043C201 /* MainViewModel.swift in Sources */,
				4E2187612A713C64002F0785 /* InspirationDetailViewController.swift in Sources */,
				4E5AD0D82AA5E47100D4BDCB /* LoadingCell.swift in Sources */,
				4E663DF32A8110B800F8D86B /* ProductDetailView.swift in Sources */,
				4E9EFCB82A9CA282004111FC /* LogoutCell.swift in Sources */,
				4E20176E2A55570000E421C0 /* SceneDelegate.swift in Sources */,
				4E9BE0D32A605A840043C201 /* InspirationTableHeader.swift in Sources */,
				4E7E82A12A6E8A64008F2EE1 /* RequestProcessorError.swift in Sources */,
				4E9BE0AC2A5D670B0043C201 /* Inspiration.swift in Sources */,
				4E86BD5C2A594EC70007CDE7 /* ProductCollectionCell.swift in Sources */,
				4E9EFCC42A9CE5DF004111FC /* OrderView.swift in Sources */,
				4E9EFCC62A9CE609004111FC /* OrderViewModel.swift in Sources */,
				4E9EFCB42A9CA22E004111FC /* ProfileCell.swift in Sources */,
				4EBB130F2A56C76000C6C47A /* MainTableView.swift in Sources */,
				4E21877E2A7A4306002F0785 /* FavouriteService.swift in Sources */,
				4E9EFCB62A9CA267004111FC /* OfficeCell.swift in Sources */,
			);
			runOnlyForDeploymentPostprocessing = 0;
		};
/* End PBXSourcesBuildPhase section */

/* Begin PBXVariantGroup section */
		4E2017762A55570200E421C0 /* LaunchScreen.storyboard */ = {
			isa = PBXVariantGroup;
			children = (
				4E2017772A55570200E421C0 /* Base */,
			);
			name = LaunchScreen.storyboard;
			sourceTree = "<group>";
		};
/* End PBXVariantGroup section */

/* Begin XCBuildConfiguration section */
		4E20177A2A55570200E421C0 /* Debug */ = {
			isa = XCBuildConfiguration;
			buildSettings = {
				ALWAYS_SEARCH_USER_PATHS = NO;
				CLANG_ANALYZER_NONNULL = YES;
				CLANG_ANALYZER_NUMBER_OBJECT_CONVERSION = YES_AGGRESSIVE;
				CLANG_CXX_LANGUAGE_STANDARD = "gnu++20";
				CLANG_ENABLE_MODULES = YES;
				CLANG_ENABLE_OBJC_ARC = YES;
				CLANG_ENABLE_OBJC_WEAK = YES;
				CLANG_WARN_BLOCK_CAPTURE_AUTORELEASING = YES;
				CLANG_WARN_BOOL_CONVERSION = YES;
				CLANG_WARN_COMMA = YES;
				CLANG_WARN_CONSTANT_CONVERSION = YES;
				CLANG_WARN_DEPRECATED_OBJC_IMPLEMENTATIONS = YES;
				CLANG_WARN_DIRECT_OBJC_ISA_USAGE = YES_ERROR;
				CLANG_WARN_DOCUMENTATION_COMMENTS = YES;
				CLANG_WARN_EMPTY_BODY = YES;
				CLANG_WARN_ENUM_CONVERSION = YES;
				CLANG_WARN_INFINITE_RECURSION = YES;
				CLANG_WARN_INT_CONVERSION = YES;
				CLANG_WARN_NON_LITERAL_NULL_CONVERSION = YES;
				CLANG_WARN_OBJC_IMPLICIT_RETAIN_SELF = YES;
				CLANG_WARN_OBJC_LITERAL_CONVERSION = YES;
				CLANG_WARN_OBJC_ROOT_CLASS = YES_ERROR;
				CLANG_WARN_QUOTED_INCLUDE_IN_FRAMEWORK_HEADER = YES;
				CLANG_WARN_RANGE_LOOP_ANALYSIS = YES;
				CLANG_WARN_STRICT_PROTOTYPES = YES;
				CLANG_WARN_SUSPICIOUS_MOVE = YES;
				CLANG_WARN_UNGUARDED_AVAILABILITY = YES_AGGRESSIVE;
				CLANG_WARN_UNREACHABLE_CODE = YES;
				CLANG_WARN__DUPLICATE_METHOD_MATCH = YES;
				COPY_PHASE_STRIP = NO;
				DEBUG_INFORMATION_FORMAT = dwarf;
				ENABLE_STRICT_OBJC_MSGSEND = YES;
				ENABLE_TESTABILITY = YES;
				GCC_C_LANGUAGE_STANDARD = gnu11;
				GCC_DYNAMIC_NO_PIC = NO;
				GCC_NO_COMMON_BLOCKS = YES;
				GCC_OPTIMIZATION_LEVEL = 0;
				GCC_PREPROCESSOR_DEFINITIONS = (
					"DEBUG=1",
					"$(inherited)",
				);
				GCC_WARN_64_TO_32_BIT_CONVERSION = YES;
				GCC_WARN_ABOUT_RETURN_TYPE = YES_ERROR;
				GCC_WARN_UNDECLARED_SELECTOR = YES;
				GCC_WARN_UNINITIALIZED_AUTOS = YES_AGGRESSIVE;
				GCC_WARN_UNUSED_FUNCTION = YES;
				GCC_WARN_UNUSED_VARIABLE = YES;
				IPHONEOS_DEPLOYMENT_TARGET = 14.0;
				MTL_ENABLE_DEBUG_INFO = INCLUDE_SOURCE;
				MTL_FAST_MATH = YES;
				ONLY_ACTIVE_ARCH = YES;
				SDKROOT = iphoneos;
				SWIFT_ACTIVE_COMPILATION_CONDITIONS = DEBUG;
				SWIFT_OPTIMIZATION_LEVEL = "-Onone";
			};
			name = Debug;
		};
		4E20177B2A55570200E421C0 /* Release */ = {
			isa = XCBuildConfiguration;
			buildSettings = {
				ALWAYS_SEARCH_USER_PATHS = NO;
				CLANG_ANALYZER_NONNULL = YES;
				CLANG_ANALYZER_NUMBER_OBJECT_CONVERSION = YES_AGGRESSIVE;
				CLANG_CXX_LANGUAGE_STANDARD = "gnu++20";
				CLANG_ENABLE_MODULES = YES;
				CLANG_ENABLE_OBJC_ARC = YES;
				CLANG_ENABLE_OBJC_WEAK = YES;
				CLANG_WARN_BLOCK_CAPTURE_AUTORELEASING = YES;
				CLANG_WARN_BOOL_CONVERSION = YES;
				CLANG_WARN_COMMA = YES;
				CLANG_WARN_CONSTANT_CONVERSION = YES;
				CLANG_WARN_DEPRECATED_OBJC_IMPLEMENTATIONS = YES;
				CLANG_WARN_DIRECT_OBJC_ISA_USAGE = YES_ERROR;
				CLANG_WARN_DOCUMENTATION_COMMENTS = YES;
				CLANG_WARN_EMPTY_BODY = YES;
				CLANG_WARN_ENUM_CONVERSION = YES;
				CLANG_WARN_INFINITE_RECURSION = YES;
				CLANG_WARN_INT_CONVERSION = YES;
				CLANG_WARN_NON_LITERAL_NULL_CONVERSION = YES;
				CLANG_WARN_OBJC_IMPLICIT_RETAIN_SELF = YES;
				CLANG_WARN_OBJC_LITERAL_CONVERSION = YES;
				CLANG_WARN_OBJC_ROOT_CLASS = YES_ERROR;
				CLANG_WARN_QUOTED_INCLUDE_IN_FRAMEWORK_HEADER = YES;
				CLANG_WARN_RANGE_LOOP_ANALYSIS = YES;
				CLANG_WARN_STRICT_PROTOTYPES = YES;
				CLANG_WARN_SUSPICIOUS_MOVE = YES;
				CLANG_WARN_UNGUARDED_AVAILABILITY = YES_AGGRESSIVE;
				CLANG_WARN_UNREACHABLE_CODE = YES;
				CLANG_WARN__DUPLICATE_METHOD_MATCH = YES;
				COPY_PHASE_STRIP = NO;
				DEBUG_INFORMATION_FORMAT = "dwarf-with-dsym";
				ENABLE_NS_ASSERTIONS = NO;
				ENABLE_STRICT_OBJC_MSGSEND = YES;
				GCC_C_LANGUAGE_STANDARD = gnu11;
				GCC_NO_COMMON_BLOCKS = YES;
				GCC_WARN_64_TO_32_BIT_CONVERSION = YES;
				GCC_WARN_ABOUT_RETURN_TYPE = YES_ERROR;
				GCC_WARN_UNDECLARED_SELECTOR = YES;
				GCC_WARN_UNINITIALIZED_AUTOS = YES_AGGRESSIVE;
				GCC_WARN_UNUSED_FUNCTION = YES;
				GCC_WARN_UNUSED_VARIABLE = YES;
				IPHONEOS_DEPLOYMENT_TARGET = 14.0;
				MTL_ENABLE_DEBUG_INFO = NO;
				MTL_FAST_MATH = YES;
				SDKROOT = iphoneos;
				SWIFT_COMPILATION_MODE = wholemodule;
				SWIFT_OPTIMIZATION_LEVEL = "-O";
				VALIDATE_PRODUCT = YES;
			};
			name = Release;
		};
		4E20177D2A55570200E421C0 /* Debug */ = {
			isa = XCBuildConfiguration;
			buildSettings = {
				ASSETCATALOG_COMPILER_APPICON_NAME = AppIcon;
				ASSETCATALOG_COMPILER_GLOBAL_ACCENT_COLOR_NAME = AccentColor;
				CODE_SIGN_STYLE = Automatic;
				CURRENT_PROJECT_VERSION = 1;
				DEVELOPMENT_TEAM = KA9UYNJBGG;
				GENERATE_INFOPLIST_FILE = YES;
				INFOPLIST_FILE = HayBase/Resources/Info.plist;
				INFOPLIST_KEY_UIApplicationSupportsIndirectInputEvents = YES;
				INFOPLIST_KEY_UILaunchStoryboardName = LaunchScreen;
				INFOPLIST_KEY_UISupportedInterfaceOrientations = "UIInterfaceOrientationLandscapeRight UIInterfaceOrientationPortrait";
				INFOPLIST_KEY_UISupportedInterfaceOrientations_iPad = UIInterfaceOrientationPortrait;
				IPHONEOS_DEPLOYMENT_TARGET = 14.0;
				LD_RUNPATH_SEARCH_PATHS = (
					"$(inherited)",
					"@executable_path/Frameworks",
				);
				MARKETING_VERSION = 1.0;
				PRODUCT_BUNDLE_IDENTIFIER = HayBase.HayBase;
				PRODUCT_NAME = "$(TARGET_NAME)";
				SWIFT_EMIT_LOC_STRINGS = YES;
				SWIFT_VERSION = 5.0;
				TARGETED_DEVICE_FAMILY = "1,2";
			};
			name = Debug;
		};
		4E20177E2A55570200E421C0 /* Release */ = {
			isa = XCBuildConfiguration;
			buildSettings = {
				ASSETCATALOG_COMPILER_APPICON_NAME = AppIcon;
				ASSETCATALOG_COMPILER_GLOBAL_ACCENT_COLOR_NAME = AccentColor;
				CODE_SIGN_STYLE = Automatic;
				CURRENT_PROJECT_VERSION = 1;
				DEVELOPMENT_TEAM = KA9UYNJBGG;
				GENERATE_INFOPLIST_FILE = YES;
				INFOPLIST_FILE = HayBase/Resources/Info.plist;
				INFOPLIST_KEY_UIApplicationSupportsIndirectInputEvents = YES;
				INFOPLIST_KEY_UILaunchStoryboardName = LaunchScreen;
				INFOPLIST_KEY_UISupportedInterfaceOrientations = "UIInterfaceOrientationLandscapeRight UIInterfaceOrientationPortrait";
				INFOPLIST_KEY_UISupportedInterfaceOrientations_iPad = UIInterfaceOrientationPortrait;
				IPHONEOS_DEPLOYMENT_TARGET = 14.0;
				LD_RUNPATH_SEARCH_PATHS = (
					"$(inherited)",
					"@executable_path/Frameworks",
				);
				MARKETING_VERSION = 1.0;
				PRODUCT_BUNDLE_IDENTIFIER = HayBase.HayBase;
				PRODUCT_NAME = "$(TARGET_NAME)";
				SWIFT_EMIT_LOC_STRINGS = YES;
				SWIFT_VERSION = 5.0;
				TARGETED_DEVICE_FAMILY = "1,2";
			};
			name = Release;
		};
/* End XCBuildConfiguration section */

/* Begin XCConfigurationList section */
		4E2017632A55570000E421C0 /* Build configuration list for PBXProject "HayBase" */ = {
			isa = XCConfigurationList;
			buildConfigurations = (
				4E20177A2A55570200E421C0 /* Debug */,
				4E20177B2A55570200E421C0 /* Release */,
			);
			defaultConfigurationIsVisible = 0;
			defaultConfigurationName = Release;
		};
		4E20177C2A55570200E421C0 /* Build configuration list for PBXNativeTarget "HayBase" */ = {
			isa = XCConfigurationList;
			buildConfigurations = (
				4E20177D2A55570200E421C0 /* Debug */,
				4E20177E2A55570200E421C0 /* Release */,
			);
			defaultConfigurationIsVisible = 0;
			defaultConfigurationName = Release;
		};
/* End XCConfigurationList section */
	};
	rootObject = 4E2017602A55570000E421C0 /* Project object */;
}
